
Microsoft Visual Studio Solution File, Format Version 12.00
# Visual Studio Version 16
VisualStudioVersion = 16.0.28803.202
MinimumVisualStudioVersion = 10.0.40219.1
Project("{FAE04EC0-301F-11D3-BF4B-00C04F79EFBC}") = "AutoExcel", "AutoExcel.csproj", "{76455F83-6301-4BA2-B4B6-F9A8EE846130}"
EndProject
Global
	GlobalSection(SolutionConfigurationPlatforms) = preSolution
		Debug|Any CPU = Debug|Any CPU
		Release|Any CPU = Release|Any CPU
	EndGlobalSection
	GlobalSection(ProjectConfigurationPlatforms) = postSolution
		{76455F83-6301-4BA2-B4B6-F9A8EE846130}.Debug|Any CPU.ActiveCfg = Debug|Any CPU
		{76455F83-6301-4BA2-B4B6-F9A8EE846130}.Debug|Any CPU.Build.0 = Debug|Any CPU
		{76455F83-6301-4BA2-B4B6-F9A8EE846130}.Release|Any CPU.ActiveCfg = Release|Any CPU
		{76455F83-6301-4BA2-B4B6-F9A8EE846130}.Release|Any CPU.Build.0 = Release|Any CPU
	EndGlobalSection
	GlobalSection(SolutionProperties) = preSolution
		HideSolutionNode = FALSE
	EndGlobalSection
	GlobalSection(ExtensibilityGlobals) = postSolution
		SolutionGuid = {F8D54BD0-631B-4F5A-806E-3A2448E0E6A7}
	EndGlobalSection
EndGlobal
